
Microsoft Visual Studio Solution File, Format Version 12.00
# Visual Studio Version 17
VisualStudioVersion = 17.0.31903.59
MinimumVisualStudioVersion = 10.0.40219.1
Project("{2150E333-8FDC-42A3-9474-1A3956D46DE8}") = "src", "src", "{0D1AC3CC-71CA-4E3A-8E1C-71BADCECD79A}"
EndProject
Project("{FAE04EC0-301F-11D3-BF4B-00C04F79EFBC}") = "Domain", "src\Domain\Domain.csproj", "{9C5D8385-FC1E-4229-9D91-7D9F77797BA8}"
EndProject
Project("{FAE04EC0-301F-11D3-BF4B-00C04F79EFBC}") = "Application", "src\Application\Application.csproj", "{3C47BF13-D094-4E83-BCD0-D48A91DC7F73}"
EndProject
Project("{FAE04EC0-301F-11D3-BF4B-00C04F79EFBC}") = "Infrastructure", "src\Infrastructure\Infrastructure.csproj", "{5C24864C-AB06-4DC3-ACE3-7393C675966F}"
EndProject
Project("{FAE04EC0-301F-11D3-BF4B-00C04F79EFBC}") = "Api", "src\Api\Api.csproj", "{C3A774FA-E74F-421D-84AB-F868CFCD3237}"
EndProject
Project("{2150E333-8FDC-42A3-9474-1A3956D46DE8}") = "tests", "tests", "{097B04CE-6D76-44AF-8D45-A814AF149CA6}"
EndProject
Project("{FAE04EC0-301F-11D3-BF4B-00C04F79EFBC}") = "Tests", "tests\Tests\Tests.csproj", "{BC0E2471-1D98-4B9F-8D3A-9C96CF3E8AC2}"
EndProject
Project("{FAE04EC0-301F-11D3-BF4B-00C04F79EFBC}") = "UnitTests", "tests\UnitTests\UnitTests.csproj", "{07F81625-0957-4A78-995F-EAA89DD651E1}"
EndProject
Project("{FAE04EC0-301F-11D3-BF4B-00C04F79EFBC}") = "IntegrationTests", "tests\IntegrationTests\IntegrationTests.csproj", "{CCFA10EC-56FD-4372-8AE1-88DB63C6137F}"
EndProject
Global
	GlobalSection(SolutionConfigurationPlatforms) = preSolution
		Debug|Any CPU = Debug|Any CPU
		Release|Any CPU = Release|Any CPU
	EndGlobalSection
	GlobalSection(SolutionProperties) = preSolution
		HideSolutionNode = FALSE
	EndGlobalSection
	GlobalSection(ProjectConfigurationPlatforms) = postSolution
		{9C5D8385-FC1E-4229-9D91-7D9F77797BA8}.Debug|Any CPU.ActiveCfg = Debug|Any CPU
		{9C5D8385-FC1E-4229-9D91-7D9F77797BA8}.Debug|Any CPU.Build.0 = Debug|Any CPU
		{9C5D8385-FC1E-4229-9D91-7D9F77797BA8}.Release|Any CPU.ActiveCfg = Release|Any CPU
		{9C5D8385-FC1E-4229-9D91-7D9F77797BA8}.Release|Any CPU.Build.0 = Release|Any CPU
		{3C47BF13-D094-4E83-BCD0-D48A91DC7F73}.Debug|Any CPU.ActiveCfg = Debug|Any CPU
		{3C47BF13-D094-4E83-BCD0-D48A91DC7F73}.Debug|Any CPU.Build.0 = Debug|Any CPU
		{3C47BF13-D094-4E83-BCD0-D48A91DC7F73}.Release|Any CPU.ActiveCfg = Release|Any CPU
		{3C47BF13-D094-4E83-BCD0-D48A91DC7F73}.Release|Any CPU.Build.0 = Release|Any CPU
		{5C24864C-AB06-4DC3-ACE3-7393C675966F}.Debug|Any CPU.ActiveCfg = Debug|Any CPU
		{5C24864C-AB06-4DC3-ACE3-7393C675966F}.Debug|Any CPU.Build.0 = Debug|Any CPU
		{5C24864C-AB06-4DC3-ACE3-7393C675966F}.Release|Any CPU.ActiveCfg = Release|Any CPU
		{5C24864C-AB06-4DC3-ACE3-7393C675966F}.Release|Any CPU.Build.0 = Release|Any CPU
		{C3A774FA-E74F-421D-84AB-F868CFCD3237}.Debug|Any CPU.ActiveCfg = Debug|Any CPU
		{C3A774FA-E74F-421D-84AB-F868CFCD3237}.Debug|Any CPU.Build.0 = Debug|Any CPU
		{C3A774FA-E74F-421D-84AB-F868CFCD3237}.Release|Any CPU.ActiveCfg = Release|Any CPU
		{C3A774FA-E74F-421D-84AB-F868CFCD3237}.Release|Any CPU.Build.0 = Release|Any CPU
		{BC0E2471-1D98-4B9F-8D3A-9C96CF3E8AC2}.Debug|Any CPU.ActiveCfg = Debug|Any CPU
		{BC0E2471-1D98-4B9F-8D3A-9C96CF3E8AC2}.Debug|Any CPU.Build.0 = Debug|Any CPU
		{BC0E2471-1D98-4B9F-8D3A-9C96CF3E8AC2}.Release|Any CPU.ActiveCfg = Release|Any CPU
		{BC0E2471-1D98-4B9F-8D3A-9C96CF3E8AC2}.Release|Any CPU.Build.0 = Release|Any CPU
		{07F81625-0957-4A78-995F-EAA89DD651E1}.Debug|Any CPU.ActiveCfg = Debug|Any CPU
		{07F81625-0957-4A78-995F-EAA89DD651E1}.Debug|Any CPU.Build.0 = Debug|Any CPU
		{07F81625-0957-4A78-995F-EAA89DD651E1}.Release|Any CPU.ActiveCfg = Release|Any CPU
		{07F81625-0957-4A78-995F-EAA89DD651E1}.Release|Any CPU.Build.0 = Release|Any CPU
		{CCFA10EC-56FD-4372-8AE1-88DB63C6137F}.Debug|Any CPU.ActiveCfg = Debug|Any CPU
		{CCFA10EC-56FD-4372-8AE1-88DB63C6137F}.Debug|Any CPU.Build.0 = Debug|Any CPU
		{CCFA10EC-56FD-4372-8AE1-88DB63C6137F}.Release|Any CPU.ActiveCfg = Release|Any CPU
		{CCFA10EC-56FD-4372-8AE1-88DB63C6137F}.Release|Any CPU.Build.0 = Release|Any CPU
	EndGlobalSection
	GlobalSection(NestedProjects) = preSolution
		{9C5D8385-FC1E-4229-9D91-7D9F77797BA8} = {0D1AC3CC-71CA-4E3A-8E1C-71BADCECD79A}
		{3C47BF13-D094-4E83-BCD0-D48A91DC7F73} = {0D1AC3CC-71CA-4E3A-8E1C-71BADCECD79A}
		{5C24864C-AB06-4DC3-ACE3-7393C675966F} = {0D1AC3CC-71CA-4E3A-8E1C-71BADCECD79A}
		{C3A774FA-E74F-421D-84AB-F868CFCD3237} = {0D1AC3CC-71CA-4E3A-8E1C-71BADCECD79A}
		{BC0E2471-1D98-4B9F-8D3A-9C96CF3E8AC2} = {097B04CE-6D76-44AF-8D45-A814AF149CA6}
		{07F81625-0957-4A78-995F-EAA89DD651E1} = {097B04CE-6D76-44AF-8D45-A814AF149CA6}
		{CCFA10EC-56FD-4372-8AE1-88DB63C6137F} = {097B04CE-6D76-44AF-8D45-A814AF149CA6}
	EndGlobalSection
EndGlobal
